
Microsoft Visual Studio Solution File, Format Version 12.00
# Visual Studio Version 17
VisualStudioVersion = 17.9.34728.123
MinimumVisualStudioVersion = 10.0.40219.1
Project("{FAE04EC0-301F-11D3-BF4B-00C04F79EFBC}") = "TestTTA", "TestTTA\TestTTA.csproj", "{90175B4A-BCD8-43AB-8493-4853C7AEC414}"
EndProject
Global
	GlobalSection(SolutionConfigurationPlatforms) = preSolution
		Debug|Any CPU = Debug|Any CPU
		Release|Any CPU = Release|Any CPU
	EndGlobalSection
	GlobalSection(ProjectConfigurationPlatforms) = postSolution
		{90175B4A-BCD8-43AB-8493-4853C7AEC414}.Debug|Any CPU.ActiveCfg = Debug|Any CPU
		{90175B4A-BCD8-43AB-8493-4853C7AEC414}.Debug|Any CPU.Build.0 = Debug|Any CPU
		{90175B4A-BCD8-43AB-8493-4853C7AEC414}.Release|Any CPU.ActiveCfg = Release|Any CPU
		{90175B4A-BCD8-43AB-8493-4853C7AEC414}.Release|Any CPU.Build.0 = Release|Any CPU
	EndGlobalSection
	GlobalSection(SolutionProperties) = preSolution
		HideSolutionNode = FALSE
	EndGlobalSection
	GlobalSection(ExtensibilityGlobals) = postSolution
		SolutionGuid = {80230B61-6207-43BC-B71C-97501A93E39A}
	EndGlobalSection
EndGlobal
